<?xml version="1.0" encoding="UTF-8"?>
<CONFIG>
  <ProjectOptions>
    <Version Value="12"/>
    <General>
      <Flags>
        <CompatibilityMode Value="True"/>
      </Flags>
      <SessionStorage Value="InProjectDir"/>
      <Title Value="Колядинъ Даръ"/>
      <Scaled Value="True"/>
      <ResourceType Value="res"/>
      <UseXPManifest Value="True"/>
      <Icon Value="0"/>
    </General>
    <i18n>
      <EnableI18N LFM="False"/>
    </i18n>
    <VersionInfo>
      <UseVersionInfo Value="True"/>
      <MajorVersionNr Value="1"/>
      <MinorVersionNr Value="3"/>
      <BuildNr Value="92"/>
      <Language Value="0419"/>
      <CharSet Value="04B0"/>
      <StringTable Comments="http://kld.0pk.ru" CompanyName="=SET=" FileDescription="Koladin Dar for Linux" InternalName="KDL" LegalCopyright="© Vladimyr" LegalTrademarks="  " OriginalFilename="KDL" ProductName="   " ProductVersion="1.3"/>
    </VersionInfo>
    <BuildModes Count="2">
      <Item1 Name="Default" Default="True"/>
      <Item2 Name="Default1">
        <CompilerOptions>
          <Version Value="11"/>
          <Target>
            <Filename Value="project1"/>
          </Target>
          <SearchPaths>
            <IncludeFiles Value="$(ProjOutDir)"/>
            <UnitOutputDirectory Value="lib/$(TargetCPU)-$(TargetOS)"/>
          </SearchPaths>
          <CodeGeneration>
            <SmartLinkUnit Value="True"/>
            <TargetCPU Value="x86_64"/>
            <TargetOS Value="linux"/>
            <Optimizations>
              <OptimizationLevel Value="3"/>
            </Optimizations>
          </CodeGeneration>
          <Linking>
            <Debugging>
              <GenerateDebugInfo Value="False"/>
              <StripSymbols Value="True"/>
              <UseExternalDbgSyms Value="True"/>
            </Debugging>
            <LinkSmart Value="True"/>
          </Linking>
        </CompilerOptions>
      </Item2>
    </BuildModes>
    <PublishOptions>
      <Version Value="2"/>
    </PublishOptions>
    <RunParams>
      <FormatVersion Value="2"/>
      <Modes Count="1">
        <Mode0 Name="default"/>
      </Modes>
    </RunParams>
    <RequiredPackages Count="6">
      <Item1>
        <PackageName Value="BGRABitmapPack"/>
      </Item1>
      <Item2>
        <PackageName Value="FCL"/>
      </Item2>
      <Item3>
        <PackageName Value="SynEdit"/>
      </Item3>
      <Item4>
        <PackageName Value="LazUtils"/>
      </Item4>
      <Item5>
        <PackageName Value="RunTimeTypeInfoControls"/>
      </Item5>
      <Item6>
        <PackageName Value="LCL"/>
      </Item6>
    </RequiredPackages>
    <Units Count="4">
      <Unit0>
        <Filename Value="kdl.lpr"/>
        <IsPartOfProject Value="True"/>
      </Unit0>
      <Unit1>
        <Filename Value="kdar.pas"/>
        <IsPartOfProject Value="True"/>
        <ComponentName Value="MainForm"/>
        <HasResources Value="True"/>
        <ResourceBaseClass Value="Form"/>
      </Unit1>
      <Unit2>
        <Filename Value="info.pas"/>
        <IsPartOfProject Value="True"/>
        <ComponentName Value="InForm"/>
        <HasResources Value="True"/>
        <ResourceBaseClass Value="Form"/>
      </Unit2>
      <Unit3>
        <Filename Value="close.pas"/>
        <IsPartOfProject Value="True"/>
        <ComponentName Value="CloseForm"/>
        <HasResources Value="True"/>
        <ResourceBaseClass Value="Form"/>
      </Unit3>
    </Units>
  </ProjectOptions>
  <CompilerOptions>
    <Version Value="11"/>
    <Target>
      <Filename Value="kdl"/>
    </Target>
    <SearchPaths>
      <IncludeFiles Value="$(ProjOutDir)"/>
      <Libraries Value="dynportaudio"/>
      <OtherUnitFiles Value="portaudio;../.lazarus/onlinepackagemanager/packages/BGRABitmap"/>
      <UnitOutputDirectory Value="lib/$(TargetCPU)-$(TargetOS)"/>
    </SearchPaths>
    <CodeGeneration>
      <SmartLinkUnit Value="True"/>
      <TargetOS Value="linux"/>
      <Optimizations>
        <OptimizationLevel Value="3"/>
      </Optimizations>
      <SmallerCode Value="True"/>
    </CodeGeneration>
    <Linking>
      <Debugging>
        <GenerateDebugInfo Value="False"/>
        <RunWithoutDebug Value="True"/>
        <DebugInfoType Value="dsDwarf3"/>
        <StripSymbols Value="True"/>
        <UseExternalDbgSyms Value="True"/>
      </Debugging>
      <LinkSmart Value="True"/>
      <Options>
        <PassLinkerOptions Value="True"/>
        <LinkerOptions Value="-lm"/>
      </Options>
    </Linking>
    <Other>
      <Verbosity>
        <ShowHints Value="False"/>
      </Verbosity>
    </Other>
  </CompilerOptions>
  <Debugging>
    <Exceptions Count="4">
      <Item1>
        <Name Value="EAbort"/>
      </Item1>
      <Item2>
        <Name Value="ECodetoolError"/>
      </Item2>
      <Item3>
        <Name Value="EFOpenError"/>
      </Item3>
      <Item4>
        <Name Value="Exception"/>
      </Item4>
    </Exceptions>
  </Debugging>
</CONFIG>
